
Microsoft Visual Studio Solution File, Format Version 12.00
# Visual Studio 2013
VisualStudioVersion = 12.0.40629.0
MinimumVisualStudioVersion = 10.0.40219.1
Project("{2150E333-8FDC-42A3-9474-1A3956D46DE8}") = "Data", "Data", "{D5A6BC84-5F71-4A7B-8C73-B0257BC9A2D9}"
EndProject
Project("{2150E333-8FDC-42A3-9474-1A3956D46DE8}") = "Logic", "Logic", "{515F2820-1181-48BC-A94A-2C6A508E796C}"
EndProject
Project("{2150E333-8FDC-42A3-9474-1A3956D46DE8}") = "Web", "Web", "{F7AF1E72-D24B-438A-A8A3-B9FFDA5D22D0}"
EndProject
Project("{FAE04EC0-301F-11D3-BF4B-00C04F79EFBC}") = "SFBB.Common", "SFBB.Common\SFBB.Common.csproj", "{29652F43-BFE2-4E5D-B1CD-53A7B8A85894}"
EndProject
Project("{FAE04EC0-301F-11D3-BF4B-00C04F79EFBC}") = "SFBB.Data", "Data\SFBB.Data\SFBB.Data.csproj", "{CA653921-7523-488A-B7D4-C014289906E5}"
EndProject
Project("{FAE04EC0-301F-11D3-BF4B-00C04F79EFBC}") = "SFBB.Data.Models", "Data\SFBB.Data.Models\SFBB.Data.Models.csproj", "{993E2628-0E16-46C2-ADAF-0F996AF93ECB}"
EndProject
Project("{FAE04EC0-301F-11D3-BF4B-00C04F79EFBC}") = "SFBB.Web", "Web\SFBB.Web\SFBB.Web.csproj", "{94E661D3-035A-4FC5-9BC6-9809C88B978E}"
EndProject
Global
	GlobalSection(SolutionConfigurationPlatforms) = preSolution
		Debug|Any CPU = Debug|Any CPU
		Release|Any CPU = Release|Any CPU
	EndGlobalSection
	GlobalSection(ProjectConfigurationPlatforms) = postSolution
		{29652F43-BFE2-4E5D-B1CD-53A7B8A85894}.Debug|Any CPU.ActiveCfg = Debug|Any CPU
		{29652F43-BFE2-4E5D-B1CD-53A7B8A85894}.Debug|Any CPU.Build.0 = Debug|Any CPU
		{29652F43-BFE2-4E5D-B1CD-53A7B8A85894}.Release|Any CPU.ActiveCfg = Release|Any CPU
		{29652F43-BFE2-4E5D-B1CD-53A7B8A85894}.Release|Any CPU.Build.0 = Release|Any CPU
		{CA653921-7523-488A-B7D4-C014289906E5}.Debug|Any CPU.ActiveCfg = Debug|Any CPU
		{CA653921-7523-488A-B7D4-C014289906E5}.Debug|Any CPU.Build.0 = Debug|Any CPU
		{CA653921-7523-488A-B7D4-C014289906E5}.Release|Any CPU.ActiveCfg = Release|Any CPU
		{CA653921-7523-488A-B7D4-C014289906E5}.Release|Any CPU.Build.0 = Release|Any CPU
		{993E2628-0E16-46C2-ADAF-0F996AF93ECB}.Debug|Any CPU.ActiveCfg = Debug|Any CPU
		{993E2628-0E16-46C2-ADAF-0F996AF93ECB}.Debug|Any CPU.Build.0 = Debug|Any CPU
		{993E2628-0E16-46C2-ADAF-0F996AF93ECB}.Release|Any CPU.ActiveCfg = Release|Any CPU
		{993E2628-0E16-46C2-ADAF-0F996AF93ECB}.Release|Any CPU.Build.0 = Release|Any CPU
		{94E661D3-035A-4FC5-9BC6-9809C88B978E}.Debug|Any CPU.ActiveCfg = Debug|Any CPU
		{94E661D3-035A-4FC5-9BC6-9809C88B978E}.Debug|Any CPU.Build.0 = Debug|Any CPU
		{94E661D3-035A-4FC5-9BC6-9809C88B978E}.Release|Any CPU.ActiveCfg = Release|Any CPU
		{94E661D3-035A-4FC5-9BC6-9809C88B978E}.Release|Any CPU.Build.0 = Release|Any CPU
	EndGlobalSection
	GlobalSection(SolutionProperties) = preSolution
		HideSolutionNode = FALSE
	EndGlobalSection
	GlobalSection(NestedProjects) = preSolution
		{CA653921-7523-488A-B7D4-C014289906E5} = {D5A6BC84-5F71-4A7B-8C73-B0257BC9A2D9}
		{993E2628-0E16-46C2-ADAF-0F996AF93ECB} = {D5A6BC84-5F71-4A7B-8C73-B0257BC9A2D9}
		{94E661D3-035A-4FC5-9BC6-9809C88B978E} = {F7AF1E72-D24B-438A-A8A3-B9FFDA5D22D0}
	EndGlobalSection
EndGlobal
